
Microsoft Visual Studio Solution File, Format Version 12.00
# Visual Studio Version 17
VisualStudioVersion = 17.10.35122.118
MinimumVisualStudioVersion = 10.0.40219.1
Project("{FAE04EC0-301F-11D3-BF4B-00C04F79EFBC}") = "MinimalRESTAPI", "MinimalRESTAPI.csproj", "{8948DD12-EC61-4383-8BD8-FFE664E8E9A4}"
EndProject
Global
	GlobalSection(SolutionConfigurationPlatforms) = preSolution
		Debug|Any CPU = Debug|Any CPU
		Release|Any CPU = Release|Any CPU
	EndGlobalSection
	GlobalSection(ProjectConfigurationPlatforms) = postSolution
		{8948DD12-EC61-4383-8BD8-FFE664E8E9A4}.Debug|Any CPU.ActiveCfg = Debug|Any CPU
		{8948DD12-EC61-4383-8BD8-FFE664E8E9A4}.Debug|Any CPU.Build.0 = Debug|Any CPU
		{8948DD12-EC61-4383-8BD8-FFE664E8E9A4}.Release|Any CPU.ActiveCfg = Release|Any CPU
		{8948DD12-EC61-4383-8BD8-FFE664E8E9A4}.Release|Any CPU.Build.0 = Release|Any CPU
	EndGlobalSection
	GlobalSection(SolutionProperties) = preSolution
		HideSolutionNode = FALSE
	EndGlobalSection
	GlobalSection(ExtensibilityGlobals) = postSolution
		SolutionGuid = {DD6ED21C-E78D-47F5-97FF-020504E42D00}
	EndGlobalSection
EndGlobal
